
Microsoft Visual Studio Solution File, Format Version 12.00
# Visual Studio 14
VisualStudioVersion = 14.0.25420.1
MinimumVisualStudioVersion = 10.0.40219.1
Project("{FAE04EC0-301F-11D3-BF4B-00C04F79EFBC}") = "BookStore", "BookStore\BookStore.csproj", "{8DA0E821-E130-481A-B06D-00B673035D94}"
EndProject
Project("{2150E333-8FDC-42A3-9474-1A3956D46DE8}") = "SQLscripts", "SQLscripts", "{7FA869A5-9316-4842-8994-FB1CB9E8B552}"
	ProjectSection(SolutionItems) = preProject
		BookStore\SQLscripts\Books.sql = BookStore\SQLscripts\Books.sql
	EndProjectSection
EndProject
Project("{FAE04EC0-301F-11D3-BF4B-00C04F79EFBC}") = "FirstMvc5App", "FirstMvc5App\FirstMvc5App.csproj", "{D5AA29F2-A7D4-4051-97FD-E5EC8B113445}"
EndProject
Global
	GlobalSection(SolutionConfigurationPlatforms) = preSolution
		Debug|Any CPU = Debug|Any CPU
		Release|Any CPU = Release|Any CPU
	EndGlobalSection
	GlobalSection(ProjectConfigurationPlatforms) = postSolution
		{8DA0E821-E130-481A-B06D-00B673035D94}.Debug|Any CPU.ActiveCfg = Debug|Any CPU
		{8DA0E821-E130-481A-B06D-00B673035D94}.Debug|Any CPU.Build.0 = Debug|Any CPU
		{8DA0E821-E130-481A-B06D-00B673035D94}.Release|Any CPU.ActiveCfg = Release|Any CPU
		{8DA0E821-E130-481A-B06D-00B673035D94}.Release|Any CPU.Build.0 = Release|Any CPU
		{D5AA29F2-A7D4-4051-97FD-E5EC8B113445}.Debug|Any CPU.ActiveCfg = Debug|Any CPU
		{D5AA29F2-A7D4-4051-97FD-E5EC8B113445}.Debug|Any CPU.Build.0 = Debug|Any CPU
		{D5AA29F2-A7D4-4051-97FD-E5EC8B113445}.Release|Any CPU.ActiveCfg = Release|Any CPU
		{D5AA29F2-A7D4-4051-97FD-E5EC8B113445}.Release|Any CPU.Build.0 = Release|Any CPU
	EndGlobalSection
	GlobalSection(SolutionProperties) = preSolution
		HideSolutionNode = FALSE
	EndGlobalSection
EndGlobal
